// !$*UTF8*$!
{
	archiveVersion = 1;
	classes = {
	};
	objectVersion = 55;
	objects = {

/* Begin PBXBuildFile section */
		0902C55828CF0C3500F2A956 /* MonitorNetwork.swift in Sources */ = {isa = PBXBuildFile; fileRef = 0902C55728CF0C3500F2A956 /* MonitorNetwork.swift */; };
		0902C55A28CF174200F2A956 /* ShowAvailableVersion.swift in Sources */ = {isa = PBXBuildFile; fileRef = 0902C55928CF174200F2A956 /* ShowAvailableVersion.swift */; };
		09094AC928ED60CB000F2F98 /* FlashScreen.swift in Sources */ = {isa = PBXBuildFile; fileRef = 09094AC828ED60CB000F2F98 /* FlashScreen.swift */; };
		09178C2728B9A43E00A507EA /* Annoucements.swift in Sources */ = {isa = PBXBuildFile; fileRef = 09178C2628B9A43E00A507EA /* Annoucements.swift */; };
		09178C2D28B9B28500A507EA /* SheetContact.swift in Sources */ = {isa = PBXBuildFile; fileRef = 09178C2C28B9B28500A507EA /* SheetContact.swift */; };
		091B223128CC379900FE9DBB /* apple-app-site-association in Resources */ = {isa = PBXBuildFile; fileRef = 091B223028CC379900FE9DBB /* apple-app-site-association */; };
		091B223328CC3B9000FE9DBB /* DeepLink.swift in Sources */ = {isa = PBXBuildFile; fileRef = 091B223228CC3B9000FE9DBB /* DeepLink.swift */; };
		091B223628CC465400FE9DBB /* AuthenticationServices.framework in Frameworks */ = {isa = PBXBuildFile; fileRef = 091B223528CC465400FE9DBB /* AuthenticationServices.framework */; };
		0925213328EEB3B900363609 /* ProgrammePayment.swift in Sources */ = {isa = PBXBuildFile; fileRef = 0925213228EEB3B900363609 /* ProgrammePayment.swift */; };
		092824C628DC17BF00320D33 /* EnrollmentViewModel.swift in Sources */ = {isa = PBXBuildFile; fileRef = 092824C528DC17BF00320D33 /* EnrollmentViewModel.swift */; };
		093E9AFB28FE3F7900449E41 /* ImageViewer in Frameworks */ = {isa = PBXBuildFile; productRef = 093E9AFA28FE3F7900449E41 /* ImageViewer */; };
		093E9AFD28FE3F7900449E41 /* ImageViewerRemote in Frameworks */ = {isa = PBXBuildFile; productRef = 093E9AFC28FE3F7900449E41 /* ImageViewerRemote */; };
		0949C3112907C5820076F382 /* CalendarWeekListView.swift in Sources */ = {isa = PBXBuildFile; fileRef = 0949C3102907C5820076F382 /* CalendarWeekListView.swift */; };
		09660B3928FE4BD800CEA9EA /* DeleteNotificationByMobileUserId.graphql in Resources */ = {isa = PBXBuildFile; fileRef = 09660B3828FE4BD800CEA9EA /* DeleteNotificationByMobileUserId.graphql */; };
		09660B3B28FE4C0C00CEA9EA /* DeleteNotificationByMobileUserId.swift in Sources */ = {isa = PBXBuildFile; fileRef = 09660B3A28FE4C0C00CEA9EA /* DeleteNotificationByMobileUserId.swift */; };
		09660B3F28FE579A00CEA9EA /* notification.aiff in Resources */ = {isa = PBXBuildFile; fileRef = 09660B3E28FE579A00CEA9EA /* notification.aiff */; };
		0978944D28E7EC2300CB4C05 /* Payment.swift in Sources */ = {isa = PBXBuildFile; fileRef = 0978944C28E7EC2300CB4C05 /* Payment.swift */; };
		0978AA2C28C5CBC400CD9222 /* ScrollRefreshable.swift in Sources */ = {isa = PBXBuildFile; fileRef = 0978AA2B28C5CBC400CD9222 /* ScrollRefreshable.swift */; };
		097A1350290684B9008B253D /* Babysitting.swift in Sources */ = {isa = PBXBuildFile; fileRef = 097A134F290684B9008B253D /* Babysitting.swift */; };
		097A13522906869D008B253D /* BabysittingVIewModel.swift in Sources */ = {isa = PBXBuildFile; fileRef = 097A13512906869D008B253D /* BabysittingVIewModel.swift */; };
		097DAEBE2912076500018CD9 /* updateEYSReport.graphql in Resources */ = {isa = PBXBuildFile; fileRef = 097DAEBD2912076500018CD9 /* updateEYSReport.graphql */; };
		097DAEC02912079C00018CD9 /* updateEYSReport.swift in Sources */ = {isa = PBXBuildFile; fileRef = 097DAEBF2912079C00018CD9 /* updateEYSReport.swift */; };
		09903AD428F8FFB4009EA604 /* uploadDeviceToken.graphql in Resources */ = {isa = PBXBuildFile; fileRef = 09903AD328F8FFB4009EA604 /* uploadDeviceToken.graphql */; };
		09903AD728F90013009EA604 /* UploadDeviceToken.swift in Sources */ = {isa = PBXBuildFile; fileRef = 09903AD628F90013009EA604 /* UploadDeviceToken.swift */; };
		099ECD5F28EC384800D69557 /* InvoiceViewModel.swift in Sources */ = {isa = PBXBuildFile; fileRef = 099ECD5E28EC384800D69557 /* InvoiceViewModel.swift */; };
		09A060FB28BA18A200D1D1FA /* ScheduleViewModel.swift in Sources */ = {isa = PBXBuildFile; fileRef = 09A060FA28BA18A200D1D1FA /* ScheduleViewModel.swift */; };
		09A060FD28BA199B00D1D1FA /* API.swift in Sources */ = {isa = PBXBuildFile; fileRef = 09A060FC28BA199B00D1D1FA /* API.swift */; };
		09D87E3F28FD46A100FB96B1 /* DeviceTokenLogout.graphql in Resources */ = {isa = PBXBuildFile; fileRef = 09D87E3E28FD46A100FB96B1 /* DeviceTokenLogout.graphql */; };
		09D87E4128FD47F100FB96B1 /* MobileUserLogOutViewModel.swift in Sources */ = {isa = PBXBuildFile; fileRef = 09D87E4028FD47F100FB96B1 /* MobileUserLogOutViewModel.swift */; };
		09F5197828D1E79D00C8B1FD /* Alamofire in Frameworks */ = {isa = PBXBuildFile; productRef = 09F5197728D1E79D00C8B1FD /* Alamofire */; };
		09F5197B28D1E80200C8B1FD /* Apollo in Frameworks */ = {isa = PBXBuildFile; productRef = 09F5197A28D1E80200C8B1FD /* Apollo */; };
		09F5197D28D1E80200C8B1FD /* ApolloSQLite in Frameworks */ = {isa = PBXBuildFile; productRef = 09F5197C28D1E80200C8B1FD /* ApolloSQLite */; };
		09F5197F28D1E80200C8B1FD /* ApolloWebSocket in Frameworks */ = {isa = PBXBuildFile; productRef = 09F5197E28D1E80200C8B1FD /* ApolloWebSocket */; };
		09F5198528D1E81D00C8B1FD /* KeychainSwift in Frameworks */ = {isa = PBXBuildFile; productRef = 09F5198428D1E81D00C8B1FD /* KeychainSwift */; };
		09F9140628D3271800BF252B /* schema.json in Resources */ = {isa = PBXBuildFile; fileRef = 09F9140528D3271800BF252B /* schema.json */; };
		09FEBC4F28B704E400E8B5B7 /* Goglobal_SchoolApp.swift in Sources */ = {isa = PBXBuildFile; fileRef = 09FEBC4E28B704E400E8B5B7 /* Goglobal_SchoolApp.swift */; };
		09FEBC5128B704E400E8B5B7 /* ContentView.swift in Sources */ = {isa = PBXBuildFile; fileRef = 09FEBC5028B704E400E8B5B7 /* ContentView.swift */; };
		09FEBC5328B704E500E8B5B7 /* Assets.xcassets in Resources */ = {isa = PBXBuildFile; fileRef = 09FEBC5228B704E500E8B5B7 /* Assets.xcassets */; };
		09FEBC5628B704E500E8B5B7 /* Preview Assets.xcassets in Resources */ = {isa = PBXBuildFile; fileRef = 09FEBC5528B704E500E8B5B7 /* Preview Assets.xcassets */; };
		09FEBC7228B7070500E8B5B7 /* Bayon-Regular.ttf in Resources */ = {isa = PBXBuildFile; fileRef = 09FEBC6D28B7070500E8B5B7 /* Bayon-Regular.ttf */; };
		09FEBC7328B7070500E8B5B7 /* Kantumruy-Bold.ttf in Resources */ = {isa = PBXBuildFile; fileRef = 09FEBC6F28B7070500E8B5B7 /* Kantumruy-Bold.ttf */; };
		09FEBC7428B7070500E8B5B7 /* Kantumruy-Light.ttf in Resources */ = {isa = PBXBuildFile; fileRef = 09FEBC7028B7070500E8B5B7 /* Kantumruy-Light.ttf */; };
		09FEBC7528B7070500E8B5B7 /* Kantumruy-Regular.ttf in Resources */ = {isa = PBXBuildFile; fileRef = 09FEBC7128B7070500E8B5B7 /* Kantumruy-Regular.ttf */; };
		09FEBC7928B707B100E8B5B7 /* query.graphql in Resources */ = {isa = PBXBuildFile; fileRef = 09FEBC7828B707B100E8B5B7 /* query.graphql */; };
		09FEBC7B28B707CB00E8B5B7 /* login.graphql in Resources */ = {isa = PBXBuildFile; fileRef = 09FEBC7A28B707CB00E8B5B7 /* login.graphql */; };
		09FEBC7D28B707D700E8B5B7 /* upload.graphql in Resources */ = {isa = PBXBuildFile; fileRef = 09FEBC7C28B707D700E8B5B7 /* upload.graphql */; };
		09FEBC8428B709A300E8B5B7 /* Network.swift in Sources */ = {isa = PBXBuildFile; fileRef = 09FEBC8328B709A300E8B5B7 /* Network.swift */; };
		09FEBC8628B709D600E8B5B7 /* LoginViewModel.swift in Sources */ = {isa = PBXBuildFile; fileRef = 09FEBC8528B709D600E8B5B7 /* LoginViewModel.swift */; };
		09FEBC8828B709FE00E8B5B7 /* ListViewModel.swift in Sources */ = {isa = PBXBuildFile; fileRef = 09FEBC8728B709FE00E8B5B7 /* ListViewModel.swift */; };
		09FEBC8A28B70A1E00E8B5B7 /* ListStudentViewModel.swift in Sources */ = {isa = PBXBuildFile; fileRef = 09FEBC8928B70A1E00E8B5B7 /* ListStudentViewModel.swift */; };
		09FEBC8C28B70A4700E8B5B7 /* ListAttendanceViewModel.swift in Sources */ = {isa = PBXBuildFile; fileRef = 09FEBC8B28B70A4700E8B5B7 /* ListAttendanceViewModel.swift */; };
		09FEBC9028B70A7500E8B5B7 /* UpdateMobileUserProfileImg.swift in Sources */ = {isa = PBXBuildFile; fileRef = 09FEBC8F28B70A7500E8B5B7 /* UpdateMobileUserProfileImg.swift */; };
		09FEBC9228B70A8C00E8B5B7 /* MobileUserViewModel.swift in Sources */ = {isa = PBXBuildFile; fileRef = 09FEBC9128B70A8C00E8B5B7 /* MobileUserViewModel.swift */; };
		09FEBC9428B70AA600E8B5B7 /* AnnouncementViewModel.swift in Sources */ = {isa = PBXBuildFile; fileRef = 09FEBC9328B70AA600E8B5B7 /* AnnouncementViewModel.swift */; };
		09FEBC9628B70B4500E8B5B7 /* Function.swift in Sources */ = {isa = PBXBuildFile; fileRef = 09FEBC9528B70B4500E8B5B7 /* Function.swift */; };
		09FEBC9828B70B6B00E8B5B7 /* ResponsiveContainer.swift in Sources */ = {isa = PBXBuildFile; fileRef = 09FEBC9728B70B6B00E8B5B7 /* ResponsiveContainer.swift */; };
		09FEBC9A28B70B8500E8B5B7 /* TabView.swift in Sources */ = {isa = PBXBuildFile; fileRef = 09FEBC9928B70B8500E8B5B7 /* TabView.swift */; };
		09FEBC9C28B70BAE00E8B5B7 /* Home.swift in Sources */ = {isa = PBXBuildFile; fileRef = 09FEBC9B28B70BAE00E8B5B7 /* Home.swift */; };
		09FEBC9E28B70BCE00E8B5B7 /* RoundedCorners.swift in Sources */ = {isa = PBXBuildFile; fileRef = 09FEBC9D28B70BCE00E8B5B7 /* RoundedCorners.swift */; };
		09FEBCA028B70BEE00E8B5B7 /* HalfSheetHelper.swift in Sources */ = {isa = PBXBuildFile; fileRef = 09FEBC9F28B70BEE00E8B5B7 /* HalfSheetHelper.swift */; };
		09FEBCA228B70C0600E8B5B7 /* CustomDatePicker.swift in Sources */ = {isa = PBXBuildFile; fileRef = 09FEBCA128B70C0600E8B5B7 /* CustomDatePicker.swift */; };
		09FEBCA428B70C3E00E8B5B7 /* Attendant.swift in Sources */ = {isa = PBXBuildFile; fileRef = 09FEBCA328B70C3E00E8B5B7 /* Attendant.swift */; };
		09FEBCA628B70C5600E8B5B7 /* ImagePicker.swift in Sources */ = {isa = PBXBuildFile; fileRef = 09FEBCA528B70C5600E8B5B7 /* ImagePicker.swift */; };
		09FEBCA828B70C6F00E8B5B7 /* Schedule.swift in Sources */ = {isa = PBXBuildFile; fileRef = 09FEBCA728B70C6F00E8B5B7 /* Schedule.swift */; };
		09FEBCAA28B70C9100E8B5B7 /* Dashboard.swift in Sources */ = {isa = PBXBuildFile; fileRef = 09FEBCA928B70C9100E8B5B7 /* Dashboard.swift */; };
		09FEBCAC28B70CA600E8B5B7 /* Education.swift in Sources */ = {isa = PBXBuildFile; fileRef = 09FEBCAB28B70CA600E8B5B7 /* Education.swift */; };
		09FEBCAE28B70CBD00E8B5B7 /* Grade.swift in Sources */ = {isa = PBXBuildFile; fileRef = 09FEBCAD28B70CBD00E8B5B7 /* Grade.swift */; };
		09FEBCB028B70CD600E8B5B7 /* CalendarViewModel.swift in Sources */ = {isa = PBXBuildFile; fileRef = 09FEBCAF28B70CD600E8B5B7 /* CalendarViewModel.swift */; };
		09FEBCB228B70CEC00E8B5B7 /* Profile.swift in Sources */ = {isa = PBXBuildFile; fileRef = 09FEBCB128B70CEC00E8B5B7 /* Profile.swift */; };
		09FEBCB428B70D0000E8B5B7 /* Choosing.swift in Sources */ = {isa = PBXBuildFile; fileRef = 09FEBCB328B70D0000E8B5B7 /* Choosing.swift */; };
		771D6C4929503D8B00B59485 /* pickup.graphql in Resources */ = {isa = PBXBuildFile; fileRef = 771D6C4829503D8B00B59485 /* pickup.graphql */; };
		771D6C4B29503E1A00B59485 /* pickupViewModel.swift in Sources */ = {isa = PBXBuildFile; fileRef = 771D6C4A29503E1A00B59485 /* pickupViewModel.swift */; };
		774A5D6629DEB4C80037FD08 /* AttendanceView.swift in Sources */ = {isa = PBXBuildFile; fileRef = 774A5D6529DEB4C80037FD08 /* AttendanceView.swift */; };
		775BE506291CE12000A915B3 /* GetStudentCardByStudentIDViewModel.swift in Sources */ = {isa = PBXBuildFile; fileRef = 775BE505291CE12000A915B3 /* GetStudentCardByStudentIDViewModel.swift */; };
		77752CEE295552810091A4E2 /* FoodHistoryView.swift in Sources */ = {isa = PBXBuildFile; fileRef = 77752CED295552810091A4E2 /* FoodHistoryView.swift */; };
		7787C2ED2930A05C002DA96C /* CredentialProviderViewController.swift in Sources */ = {isa = PBXBuildFile; fileRef = 7787C2EC2930A05C002DA96C /* CredentialProviderViewController.swift */; };
		7787C2F02930A330002DA96C /* KeychainAccess in Frameworks */ = {isa = PBXBuildFile; productRef = 7787C2EF2930A330002DA96C /* KeychainAccess */; };
		7787C2F32930A394002DA96C /* DomainParser in Frameworks */ = {isa = PBXBuildFile; productRef = 7787C2F22930A394002DA96C /* DomainParser */; };
		77A5922E294169F80017ABA2 /* GetTotalStudentViewModel.swift in Sources */ = {isa = PBXBuildFile; fileRef = 77A5922D294169F80017ABA2 /* GetTotalStudentViewModel.swift */; };
		77AFD38A294812CA00CF2BB5 /* locationManager.swift in Sources */ = {isa = PBXBuildFile; fileRef = 77AFD389294812CA00CF2BB5 /* locationManager.swift */; };
		77DCF5A1292C5B0B008E1423 /* Localizable.strings in Resources */ = {isa = PBXBuildFile; fileRef = 77DCF5A3292C5B0B008E1423 /* Localizable.strings */; };
		77DCF5A7292C6323008E1423 /* LocalizationService.swift in Sources */ = {isa = PBXBuildFile; fileRef = 77DCF5A6292C6323008E1423 /* LocalizationService.swift */; };
		77E15DDE293DD26D00652690 /* MarqueeText in Frameworks */ = {isa = PBXBuildFile; productRef = 77E15DDD293DD26D00652690 /* MarqueeText */; };
		9A3B362B29F26E48004DC68A /* ViewPermission.swift in Sources */ = {isa = PBXBuildFile; fileRef = 9A3B362A29F26E48004DC68A /* ViewPermission.swift */; };
		9A6AB7C929F3D56D007BFD2D /* GetStudentAttendanceByStuIdViewModel.swift in Sources */ = {isa = PBXBuildFile; fileRef = 9A6AB7C829F3D56D007BFD2D /* GetStudentAttendanceByStuIdViewModel.swift */; };
		9A74E00729F761600049C6DD /* leave.graphql in Resources */ = {isa = PBXBuildFile; fileRef = 9A74E00629F761600049C6DD /* leave.graphql */; };
		9A74E00929F761D40049C6DD /* LeaveMutationViewModel.swift in Sources */ = {isa = PBXBuildFile; fileRef = 9A74E00829F761D40049C6DD /* LeaveMutationViewModel.swift */; };
		9A74E00B29F769880049C6DD /* GetShiftByStudentIdViewModel.swift in Sources */ = {isa = PBXBuildFile; fileRef = 9A74E00A29F769880049C6DD /* GetShiftByStudentIdViewModel.swift */; };
		9A74E00D29F76D820049C6DD /* GetStudenAttendancePermissionByIdViewModel.swift in Sources */ = {isa = PBXBuildFile; fileRef = 9A74E00C29F76D820049C6DD /* GetStudenAttendancePermissionByIdViewModel.swift */; };
		9ABE0A3D29E3B51000D2881B /* AskPermission.swift in Sources */ = {isa = PBXBuildFile; fileRef = 9ABE0A3C29E3B51000D2881B /* AskPermission.swift */; };
		9AC6CBAA2A2741080021D5BD /* TransportationView.swift in Sources */ = {isa = PBXBuildFile; fileRef = 9AC6CBA92A2741080021D5BD /* TransportationView.swift */; };
/* End PBXBuildFile section */

/* Begin PBXFileReference section */
		0902C55728CF0C3500F2A956 /* MonitorNetwork.swift */ = {isa = PBXFileReference; lastKnownFileType = sourcecode.swift; path = MonitorNetwork.swift; sourceTree = "<group>"; };
		0902C55928CF174200F2A956 /* ShowAvailableVersion.swift */ = {isa = PBXFileReference; lastKnownFileType = sourcecode.swift; path = ShowAvailableVersion.swift; sourceTree = "<group>"; };
		09094AC828ED60CB000F2F98 /* FlashScreen.swift */ = {isa = PBXFileReference; lastKnownFileType = sourcecode.swift; path = FlashScreen.swift; sourceTree = "<group>"; };
		09178C2628B9A43E00A507EA /* Annoucements.swift */ = {isa = PBXFileReference; lastKnownFileType = sourcecode.swift; path = Annoucements.swift; sourceTree = "<group>"; };
		09178C2C28B9B28500A507EA /* SheetContact.swift */ = {isa = PBXFileReference; lastKnownFileType = sourcecode.swift; path = SheetContact.swift; sourceTree = "<group>"; };
		091B223028CC379900FE9DBB /* apple-app-site-association */ = {isa = PBXFileReference; lastKnownFileType = text; path = "apple-app-site-association"; sourceTree = "<group>"; };
		091B223228CC3B9000FE9DBB /* DeepLink.swift */ = {isa = PBXFileReference; lastKnownFileType = sourcecode.swift; path = DeepLink.swift; sourceTree = "<group>"; };
		091B223528CC465400FE9DBB /* AuthenticationServices.framework */ = {isa = PBXFileReference; lastKnownFileType = wrapper.framework; name = AuthenticationServices.framework; path = System/Library/Frameworks/AuthenticationServices.framework; sourceTree = SDKROOT; };
		0925213228EEB3B900363609 /* ProgrammePayment.swift */ = {isa = PBXFileReference; lastKnownFileType = sourcecode.swift; path = ProgrammePayment.swift; sourceTree = "<group>"; };
		092824C528DC17BF00320D33 /* EnrollmentViewModel.swift */ = {isa = PBXFileReference; lastKnownFileType = sourcecode.swift; path = EnrollmentViewModel.swift; sourceTree = "<group>"; };
		0949C3102907C5820076F382 /* CalendarWeekListView.swift */ = {isa = PBXFileReference; lastKnownFileType = sourcecode.swift; path = CalendarWeekListView.swift; sourceTree = "<group>"; };
		09660B3828FE4BD800CEA9EA /* DeleteNotificationByMobileUserId.graphql */ = {isa = PBXFileReference; lastKnownFileType = text; path = DeleteNotificationByMobileUserId.graphql; sourceTree = "<group>"; };
		09660B3A28FE4C0C00CEA9EA /* DeleteNotificationByMobileUserId.swift */ = {isa = PBXFileReference; lastKnownFileType = sourcecode.swift; path = DeleteNotificationByMobileUserId.swift; sourceTree = "<group>"; };
		09660B3E28FE579A00CEA9EA /* notification.aiff */ = {isa = PBXFileReference; lastKnownFileType = audio.aiff; name = notification.aiff; path = "Goglobal School/notification.aiff"; sourceTree = SOURCE_ROOT; };
		0978944C28E7EC2300CB4C05 /* Payment.swift */ = {isa = PBXFileReference; lastKnownFileType = sourcecode.swift; path = Payment.swift; sourceTree = "<group>"; };
		0978AA2B28C5CBC400CD9222 /* ScrollRefreshable.swift */ = {isa = PBXFileReference; fileEncoding = 4; lastKnownFileType = sourcecode.swift; path = ScrollRefreshable.swift; sourceTree = "<group>"; };
		097A134F290684B9008B253D /* Babysitting.swift */ = {isa = PBXFileReference; lastKnownFileType = sourcecode.swift; path = Babysitting.swift; sourceTree = "<group>"; };
		097A13512906869D008B253D /* BabysittingVIewModel.swift */ = {isa = PBXFileReference; lastKnownFileType = sourcecode.swift; path = BabysittingVIewModel.swift; sourceTree = "<group>"; };
		097DAEBD2912076500018CD9 /* updateEYSReport.graphql */ = {isa = PBXFileReference; lastKnownFileType = text; path = updateEYSReport.graphql; sourceTree = "<group>"; };
		097DAEBF2912079C00018CD9 /* updateEYSReport.swift */ = {isa = PBXFileReference; lastKnownFileType = sourcecode.swift; path = updateEYSReport.swift; sourceTree = "<group>"; };
		09903AD328F8FFB4009EA604 /* uploadDeviceToken.graphql */ = {isa = PBXFileReference; lastKnownFileType = text; path = uploadDeviceToken.graphql; sourceTree = "<group>"; };
		09903AD628F90013009EA604 /* UploadDeviceToken.swift */ = {isa = PBXFileReference; lastKnownFileType = sourcecode.swift; path = UploadDeviceToken.swift; sourceTree = "<group>"; };
		099ECD5E28EC384800D69557 /* InvoiceViewModel.swift */ = {isa = PBXFileReference; lastKnownFileType = sourcecode.swift; path = InvoiceViewModel.swift; sourceTree = "<group>"; };
		09A060FA28BA18A200D1D1FA /* ScheduleViewModel.swift */ = {isa = PBXFileReference; lastKnownFileType = sourcecode.swift; path = ScheduleViewModel.swift; sourceTree = "<group>"; };
		09A060FC28BA199B00D1D1FA /* API.swift */ = {isa = PBXFileReference; fileEncoding = 4; lastKnownFileType = sourcecode.swift; name = API.swift; path = "Goglobal School/API.swift"; sourceTree = SOURCE_ROOT; };
		09D87E3E28FD46A100FB96B1 /* DeviceTokenLogout.graphql */ = {isa = PBXFileReference; lastKnownFileType = text; path = DeviceTokenLogout.graphql; sourceTree = "<group>"; };
		09D87E4028FD47F100FB96B1 /* MobileUserLogOutViewModel.swift */ = {isa = PBXFileReference; lastKnownFileType = sourcecode.swift; path = MobileUserLogOutViewModel.swift; sourceTree = "<group>"; };
		09F9140528D3271800BF252B /* schema.json */ = {isa = PBXFileReference; fileEncoding = 4; lastKnownFileType = text.json; name = schema.json; path = "Goglobal School/schema.json"; sourceTree = SOURCE_ROOT; };
		09FEBC4B28B704E400E8B5B7 /* Goglobal School.app */ = {isa = PBXFileReference; explicitFileType = wrapper.application; includeInIndex = 0; path = "Goglobal School.app"; sourceTree = BUILT_PRODUCTS_DIR; };
		09FEBC4E28B704E400E8B5B7 /* Goglobal_SchoolApp.swift */ = {isa = PBXFileReference; lastKnownFileType = sourcecode.swift; path = Goglobal_SchoolApp.swift; sourceTree = "<group>"; };
		09FEBC5028B704E400E8B5B7 /* ContentView.swift */ = {isa = PBXFileReference; lastKnownFileType = sourcecode.swift; path = ContentView.swift; sourceTree = "<group>"; };
		09FEBC5228B704E500E8B5B7 /* Assets.xcassets */ = {isa = PBXFileReference; lastKnownFileType = folder.assetcatalog; path = Assets.xcassets; sourceTree = "<group>"; };
		09FEBC5528B704E500E8B5B7 /* Preview Assets.xcassets */ = {isa = PBXFileReference; lastKnownFileType = folder.assetcatalog; path = "Preview Assets.xcassets"; sourceTree = "<group>"; };
		09FEBC6D28B7070500E8B5B7 /* Bayon-Regular.ttf */ = {isa = PBXFileReference; lastKnownFileType = file; path = "Bayon-Regular.ttf"; sourceTree = "<group>"; };
		09FEBC6F28B7070500E8B5B7 /* Kantumruy-Bold.ttf */ = {isa = PBXFileReference; lastKnownFileType = file; path = "Kantumruy-Bold.ttf"; sourceTree = "<group>"; };
		09FEBC7028B7070500E8B5B7 /* Kantumruy-Light.ttf */ = {isa = PBXFileReference; lastKnownFileType = file; path = "Kantumruy-Light.ttf"; sourceTree = "<group>"; };
		09FEBC7128B7070500E8B5B7 /* Kantumruy-Regular.ttf */ = {isa = PBXFileReference; lastKnownFileType = file; path = "Kantumruy-Regular.ttf"; sourceTree = "<group>"; };
		09FEBC7828B707B100E8B5B7 /* query.graphql */ = {isa = PBXFileReference; lastKnownFileType = text; path = query.graphql; sourceTree = "<group>"; };
		09FEBC7A28B707CB00E8B5B7 /* login.graphql */ = {isa = PBXFileReference; lastKnownFileType = text; path = login.graphql; sourceTree = "<group>"; };
		09FEBC7C28B707D700E8B5B7 /* upload.graphql */ = {isa = PBXFileReference; lastKnownFileType = text; path = upload.graphql; sourceTree = "<group>"; };
		09FEBC8328B709A300E8B5B7 /* Network.swift */ = {isa = PBXFileReference; lastKnownFileType = sourcecode.swift; path = Network.swift; sourceTree = "<group>"; };
		09FEBC8528B709D600E8B5B7 /* LoginViewModel.swift */ = {isa = PBXFileReference; lastKnownFileType = sourcecode.swift; path = LoginViewModel.swift; sourceTree = "<group>"; };
		09FEBC8728B709FE00E8B5B7 /* ListViewModel.swift */ = {isa = PBXFileReference; lastKnownFileType = sourcecode.swift; path = ListViewModel.swift; sourceTree = "<group>"; };
		09FEBC8928B70A1E00E8B5B7 /* ListStudentViewModel.swift */ = {isa = PBXFileReference; lastKnownFileType = sourcecode.swift; path = ListStudentViewModel.swift; sourceTree = "<group>"; };
		09FEBC8B28B70A4700E8B5B7 /* ListAttendanceViewModel.swift */ = {isa = PBXFileReference; lastKnownFileType = sourcecode.swift; path = ListAttendanceViewModel.swift; sourceTree = "<group>"; };
		09FEBC8F28B70A7500E8B5B7 /* UpdateMobileUserProfileImg.swift */ = {isa = PBXFileReference; lastKnownFileType = sourcecode.swift; path = UpdateMobileUserProfileImg.swift; sourceTree = "<group>"; };
		09FEBC9128B70A8C00E8B5B7 /* MobileUserViewModel.swift */ = {isa = PBXFileReference; lastKnownFileType = sourcecode.swift; path = MobileUserViewModel.swift; sourceTree = "<group>"; };
		09FEBC9328B70AA600E8B5B7 /* AnnouncementViewModel.swift */ = {isa = PBXFileReference; lastKnownFileType = sourcecode.swift; path = AnnouncementViewModel.swift; sourceTree = "<group>"; };
		09FEBC9528B70B4500E8B5B7 /* Function.swift */ = {isa = PBXFileReference; lastKnownFileType = sourcecode.swift; path = Function.swift; sourceTree = "<group>"; };
		09FEBC9728B70B6B00E8B5B7 /* ResponsiveContainer.swift */ = {isa = PBXFileReference; lastKnownFileType = sourcecode.swift; path = ResponsiveContainer.swift; sourceTree = "<group>"; };
		09FEBC9928B70B8500E8B5B7 /* TabView.swift */ = {isa = PBXFileReference; lastKnownFileType = sourcecode.swift; path = TabView.swift; sourceTree = "<group>"; };
		09FEBC9B28B70BAE00E8B5B7 /* Home.swift */ = {isa = PBXFileReference; lastKnownFileType = sourcecode.swift; path = Home.swift; sourceTree = "<group>"; };
		09FEBC9D28B70BCE00E8B5B7 /* RoundedCorners.swift */ = {isa = PBXFileReference; lastKnownFileType = sourcecode.swift; path = RoundedCorners.swift; sourceTree = "<group>"; };
		09FEBC9F28B70BEE00E8B5B7 /* HalfSheetHelper.swift */ = {isa = PBXFileReference; lastKnownFileType = sourcecode.swift; path = HalfSheetHelper.swift; sourceTree = "<group>"; };
		09FEBCA128B70C0600E8B5B7 /* CustomDatePicker.swift */ = {isa = PBXFileReference; lastKnownFileType = sourcecode.swift; path = CustomDatePicker.swift; sourceTree = "<group>"; };
		09FEBCA328B70C3E00E8B5B7 /* Attendant.swift */ = {isa = PBXFileReference; lastKnownFileType = sourcecode.swift; path = Attendant.swift; sourceTree = "<group>"; };
		09FEBCA528B70C5600E8B5B7 /* ImagePicker.swift */ = {isa = PBXFileReference; lastKnownFileType = sourcecode.swift; path = ImagePicker.swift; sourceTree = "<group>"; };
		09FEBCA728B70C6F00E8B5B7 /* Schedule.swift */ = {isa = PBXFileReference; lastKnownFileType = sourcecode.swift; path = Schedule.swift; sourceTree = "<group>"; };
		09FEBCA928B70C9100E8B5B7 /* Dashboard.swift */ = {isa = PBXFileReference; lastKnownFileType = sourcecode.swift; path = Dashboard.swift; sourceTree = "<group>"; };
		09FEBCAB28B70CA600E8B5B7 /* Education.swift */ = {isa = PBXFileReference; lastKnownFileType = sourcecode.swift; path = Education.swift; sourceTree = "<group>"; };
		09FEBCAD28B70CBD00E8B5B7 /* Grade.swift */ = {isa = PBXFileReference; lastKnownFileType = sourcecode.swift; path = Grade.swift; sourceTree = "<group>"; };
		09FEBCAF28B70CD600E8B5B7 /* CalendarViewModel.swift */ = {isa = PBXFileReference; lastKnownFileType = sourcecode.swift; path = CalendarViewModel.swift; sourceTree = "<group>"; };
		09FEBCB128B70CEC00E8B5B7 /* Profile.swift */ = {isa = PBXFileReference; lastKnownFileType = sourcecode.swift; path = Profile.swift; sourceTree = "<group>"; };
		09FEBCB328B70D0000E8B5B7 /* Choosing.swift */ = {isa = PBXFileReference; lastKnownFileType = sourcecode.swift; path = Choosing.swift; sourceTree = "<group>"; };
		771D6C4829503D8B00B59485 /* pickup.graphql */ = {isa = PBXFileReference; lastKnownFileType = text; path = pickup.graphql; sourceTree = "<group>"; };
		771D6C4A29503E1A00B59485 /* pickupViewModel.swift */ = {isa = PBXFileReference; lastKnownFileType = sourcecode.swift; path = pickupViewModel.swift; sourceTree = "<group>"; };
		774A5D6529DEB4C80037FD08 /* AttendanceView.swift */ = {isa = PBXFileReference; lastKnownFileType = sourcecode.swift; path = AttendanceView.swift; sourceTree = "<group>"; };
		775BE505291CE12000A915B3 /* GetStudentCardByStudentIDViewModel.swift */ = {isa = PBXFileReference; lastKnownFileType = sourcecode.swift; path = GetStudentCardByStudentIDViewModel.swift; sourceTree = "<group>"; };
		77752CED295552810091A4E2 /* FoodHistoryView.swift */ = {isa = PBXFileReference; lastKnownFileType = sourcecode.swift; path = FoodHistoryView.swift; sourceTree = "<group>"; };
		7787C2E9293068F8002DA96C /* Goglobal School.entitlements */ = {isa = PBXFileReference; fileEncoding = 4; lastKnownFileType = text.plist.entitlements; path = "Goglobal School.entitlements"; sourceTree = "<group>"; };
		7787C2EA2930693F002DA96C /* Goglobal-School-Info.plist */ = {isa = PBXFileReference; lastKnownFileType = text.plist; path = "Goglobal-School-Info.plist"; sourceTree = SOURCE_ROOT; };
		7787C2EC2930A05C002DA96C /* CredentialProviderViewController.swift */ = {isa = PBXFileReference; lastKnownFileType = sourcecode.swift; path = CredentialProviderViewController.swift; sourceTree = "<group>"; };
		77A5922D294169F80017ABA2 /* GetTotalStudentViewModel.swift */ = {isa = PBXFileReference; lastKnownFileType = sourcecode.swift; path = GetTotalStudentViewModel.swift; sourceTree = "<group>"; };
		77AFD389294812CA00CF2BB5 /* locationManager.swift */ = {isa = PBXFileReference; lastKnownFileType = sourcecode.swift; path = locationManager.swift; sourceTree = "<group>"; };
		77DCF5A4292C5B3F008E1423 /* km-KH */ = {isa = PBXFileReference; lastKnownFileType = text.plist.strings; name = "km-KH"; path = "km-KH.lproj/Localizable.strings"; sourceTree = "<group>"; };
		77DCF5A5292C5DB2008E1423 /* en */ = {isa = PBXFileReference; lastKnownFileType = text.plist.strings; name = en; path = en.lproj/Localizable.strings; sourceTree = "<group>"; };
		77DCF5A6292C6323008E1423 /* LocalizationService.swift */ = {isa = PBXFileReference; lastKnownFileType = sourcecode.swift; path = LocalizationService.swift; sourceTree = "<group>"; };
		9A3B362A29F26E48004DC68A /* ViewPermission.swift */ = {isa = PBXFileReference; lastKnownFileType = sourcecode.swift; path = ViewPermission.swift; sourceTree = "<group>"; };
		9A6AB7C829F3D56D007BFD2D /* GetStudentAttendanceByStuIdViewModel.swift */ = {isa = PBXFileReference; lastKnownFileType = sourcecode.swift; path = GetStudentAttendanceByStuIdViewModel.swift; sourceTree = "<group>"; };
		9A74E00629F761600049C6DD /* leave.graphql */ = {isa = PBXFileReference; lastKnownFileType = text; path = leave.graphql; sourceTree = "<group>"; };
		9A74E00829F761D40049C6DD /* LeaveMutationViewModel.swift */ = {isa = PBXFileReference; lastKnownFileType = sourcecode.swift; path = LeaveMutationViewModel.swift; sourceTree = "<group>"; };
		9A74E00A29F769880049C6DD /* GetShiftByStudentIdViewModel.swift */ = {isa = PBXFileReference; lastKnownFileType = sourcecode.swift; path = GetShiftByStudentIdViewModel.swift; sourceTree = "<group>"; };
		9A74E00C29F76D820049C6DD /* GetStudenAttendancePermissionByIdViewModel.swift */ = {isa = PBXFileReference; lastKnownFileType = sourcecode.swift; path = GetStudenAttendancePermissionByIdViewModel.swift; sourceTree = "<group>"; };
		9ABE0A3C29E3B51000D2881B /* AskPermission.swift */ = {isa = PBXFileReference; lastKnownFileType = sourcecode.swift; path = AskPermission.swift; sourceTree = "<group>"; };
		9AC6CBA92A2741080021D5BD /* TransportationView.swift */ = {isa = PBXFileReference; lastKnownFileType = sourcecode.swift; path = TransportationView.swift; sourceTree = "<group>"; };
/* End PBXFileReference section */

/* Begin PBXFrameworksBuildPhase section */
		09FEBC4828B704E400E8B5B7 /* Frameworks */ = {
			isa = PBXFrameworksBuildPhase;
			buildActionMask = 2147483647;
			files = (
				091B223628CC465400FE9DBB /* AuthenticationServices.framework in Frameworks */,
				77E15DDE293DD26D00652690 /* MarqueeText in Frameworks */,
				09F5197D28D1E80200C8B1FD /* ApolloSQLite in Frameworks */,
				7787C2F02930A330002DA96C /* KeychainAccess in Frameworks */,
				7787C2F32930A394002DA96C /* DomainParser in Frameworks */,
				093E9AFD28FE3F7900449E41 /* ImageViewerRemote in Frameworks */,
				093E9AFB28FE3F7900449E41 /* ImageViewer in Frameworks */,
				09F5198528D1E81D00C8B1FD /* KeychainSwift in Frameworks */,
				09F5197F28D1E80200C8B1FD /* ApolloWebSocket in Frameworks */,
				09F5197B28D1E80200C8B1FD /* Apollo in Frameworks */,
				09F5197828D1E79D00C8B1FD /* Alamofire in Frameworks */,
			);
			runOnlyForDeploymentPostprocessing = 0;
		};
/* End PBXFrameworksBuildPhase section */

/* Begin PBXGroup section */
		09178C2828B9AA7D00A507EA /* ClassObservables */ = {
			isa = PBXGroup;
			children = (
				097A13512906869D008B253D /* BabysittingVIewModel.swift */,
				09D87E4028FD47F100FB96B1 /* MobileUserLogOutViewModel.swift */,
				09903AD628F90013009EA604 /* UploadDeviceToken.swift */,
				09FEBC8F28B70A7500E8B5B7 /* UpdateMobileUserProfileImg.swift */,
				09FEBC8728B709FE00E8B5B7 /* ListViewModel.swift */,
				092824C528DC17BF00320D33 /* EnrollmentViewModel.swift */,
				09FEBC8528B709D600E8B5B7 /* LoginViewModel.swift */,
				09FEBC8B28B70A4700E8B5B7 /* ListAttendanceViewModel.swift */,
				09FEBC8928B70A1E00E8B5B7 /* ListStudentViewModel.swift */,
				09FEBC9128B70A8C00E8B5B7 /* MobileUserViewModel.swift */,
				09FEBC9328B70AA600E8B5B7 /* AnnouncementViewModel.swift */,
				09A060FA28BA18A200D1D1FA /* ScheduleViewModel.swift */,
				099ECD5E28EC384800D69557 /* InvoiceViewModel.swift */,
				09660B3A28FE4C0C00CEA9EA /* DeleteNotificationByMobileUserId.swift */,
				097DAEBF2912079C00018CD9 /* updateEYSReport.swift */,
				775BE505291CE12000A915B3 /* GetStudentCardByStudentIDViewModel.swift */,
				77A5922D294169F80017ABA2 /* GetTotalStudentViewModel.swift */,
				77AFD389294812CA00CF2BB5 /* locationManager.swift */,
				9A6AB7C829F3D56D007BFD2D /* GetStudentAttendanceByStuIdViewModel.swift */,
				9A74E00829F761D40049C6DD /* LeaveMutationViewModel.swift */,
				9A74E00A29F769880049C6DD /* GetShiftByStudentIdViewModel.swift */,
				9A74E00C29F76D820049C6DD /* GetStudenAttendancePermissionByIdViewModel.swift */,
			);
			path = ClassObservables;
			sourceTree = "<group>";
		};
		09178C2928B9AAD600A507EA /* Components */ = {
			isa = PBXGroup;
			children = (
				7787C2EC2930A05C002DA96C /* CredentialProviderViewController.swift */,
				0978AA2B28C5CBC400CD9222 /* ScrollRefreshable.swift */,
				0902C55928CF174200F2A956 /* ShowAvailableVersion.swift */,
				09A060FC28BA199B00D1D1FA /* API.swift */,
				09178C2C28B9B28500A507EA /* SheetContact.swift */,
				0902C55728CF0C3500F2A956 /* MonitorNetwork.swift */,
				09FEBC9D28B70BCE00E8B5B7 /* RoundedCorners.swift */,
				091B223228CC3B9000FE9DBB /* DeepLink.swift */,
				09FEBC8328B709A300E8B5B7 /* Network.swift */,
				09FEBC9F28B70BEE00E8B5B7 /* HalfSheetHelper.swift */,
				09FEBCA528B70C5600E8B5B7 /* ImagePicker.swift */,
				09FEBC9528B70B4500E8B5B7 /* Function.swift */,
				09FEBC9928B70B8500E8B5B7 /* TabView.swift */,
				09FEBC9728B70B6B00E8B5B7 /* ResponsiveContainer.swift */,
				77DCF5A6292C6323008E1423 /* LocalizationService.swift */,
			);
			path = Components;
			sourceTree = "<group>";
		};
		09178C2A28B9AB1E00A507EA /* Screens */ = {
			isa = PBXGroup;
			children = (
				09FEBCA928B70C9100E8B5B7 /* Dashboard.swift */,
				09FEBCAB28B70CA600E8B5B7 /* Education.swift */,
				09FEBCAF28B70CD600E8B5B7 /* CalendarViewModel.swift */,
				09FEBCB128B70CEC00E8B5B7 /* Profile.swift */,
				09178C2628B9A43E00A507EA /* Annoucements.swift */,
				09FEBCAD28B70CBD00E8B5B7 /* Grade.swift */,
				09FEBCA328B70C3E00E8B5B7 /* Attendant.swift */,
				09FEBCB328B70D0000E8B5B7 /* Choosing.swift */,
				09FEBCA728B70C6F00E8B5B7 /* Schedule.swift */,
				09FEBCA128B70C0600E8B5B7 /* CustomDatePicker.swift */,
				0978944C28E7EC2300CB4C05 /* Payment.swift */,
				09094AC828ED60CB000F2F98 /* FlashScreen.swift */,
				0925213228EEB3B900363609 /* ProgrammePayment.swift */,
				097A134F290684B9008B253D /* Babysitting.swift */,
				0949C3102907C5820076F382 /* CalendarWeekListView.swift */,
				771D6C4A29503E1A00B59485 /* pickupViewModel.swift */,
				77752CED295552810091A4E2 /* FoodHistoryView.swift */,
				774A5D6529DEB4C80037FD08 /* AttendanceView.swift */,
				9ABE0A3C29E3B51000D2881B /* AskPermission.swift */,
				9A3B362A29F26E48004DC68A /* ViewPermission.swift */,
				9AC6CBA92A2741080021D5BD /* TransportationView.swift */,
			);
			path = Screens;
			sourceTree = "<group>";
		};
		091B223428CC465400FE9DBB /* Frameworks */ = {
			isa = PBXGroup;
			children = (
				091B223528CC465400FE9DBB /* AuthenticationServices.framework */,
			);
			name = Frameworks;
			sourceTree = "<group>";
		};
		09FEBC4228B704E400E8B5B7 = {
			isa = PBXGroup;
			children = (
				09FEBC4D28B704E400E8B5B7 /* Goglobal School */,
				09FEBC4C28B704E400E8B5B7 /* Products */,
				091B223428CC465400FE9DBB /* Frameworks */,
			);
			sourceTree = "<group>";
		};
		09FEBC4C28B704E400E8B5B7 /* Products */ = {
			isa = PBXGroup;
			children = (
				09FEBC4B28B704E400E8B5B7 /* Goglobal School.app */,
			);
			name = Products;
			sourceTree = "<group>";
		};
		09FEBC4D28B704E400E8B5B7 /* Goglobal School */ = {
			isa = PBXGroup;
			children = (
				7787C2EA2930693F002DA96C /* Goglobal-School-Info.plist */,
				7787C2E9293068F8002DA96C /* Goglobal School.entitlements */,
				09FEBC4E28B704E400E8B5B7 /* Goglobal_SchoolApp.swift */,
				09FEBC5028B704E400E8B5B7 /* ContentView.swift */,
				09FEBC9B28B70BAE00E8B5B7 /* Home.swift */,
				09FEBC7828B707B100E8B5B7 /* query.graphql */,
				771D6C4829503D8B00B59485 /* pickup.graphql */,
				09FEBC7A28B707CB00E8B5B7 /* login.graphql */,
				09FEBC7C28B707D700E8B5B7 /* upload.graphql */,
				09903AD328F8FFB4009EA604 /* uploadDeviceToken.graphql */,
				097DAEBD2912076500018CD9 /* updateEYSReport.graphql */,
				091B223028CC379900FE9DBB /* apple-app-site-association */,
				09D87E3E28FD46A100FB96B1 /* DeviceTokenLogout.graphql */,
				09660B3828FE4BD800CEA9EA /* DeleteNotificationByMobileUserId.graphql */,
				9A74E00629F761600049C6DD /* leave.graphql */,
				09F9140528D3271800BF252B /* schema.json */,
				09660B3E28FE579A00CEA9EA /* notification.aiff */,
				09178C2A28B9AB1E00A507EA /* Screens */,
				09178C2928B9AAD600A507EA /* Components */,
				09178C2828B9AA7D00A507EA /* ClassObservables */,
				09FEBC6B28B7070500E8B5B7 /* Fonts */,
				09FEBC5228B704E500E8B5B7 /* Assets.xcassets */,
				09FEBC5428B704E500E8B5B7 /* Preview Content */,
				77DCF5A3292C5B0B008E1423 /* Localizable.strings */,
			);
			path = "Goglobal School";
			sourceTree = "<group>";
		};
		09FEBC5428B704E500E8B5B7 /* Preview Content */ = {
			isa = PBXGroup;
			children = (
				09FEBC5528B704E500E8B5B7 /* Preview Assets.xcassets */,
			);
			path = "Preview Content";
			sourceTree = "<group>";
		};
		09FEBC6B28B7070500E8B5B7 /* Fonts */ = {
			isa = PBXGroup;
			children = (
				09FEBC6C28B7070500E8B5B7 /* Bayon */,
				09FEBC6E28B7070500E8B5B7 /* Kantumruy */,
			);
			path = Fonts;
			sourceTree = "<group>";
		};
		09FEBC6C28B7070500E8B5B7 /* Bayon */ = {
			isa = PBXGroup;
			children = (
				09FEBC6D28B7070500E8B5B7 /* Bayon-Regular.ttf */,
			);
			path = Bayon;
			sourceTree = "<group>";
		};
		09FEBC6E28B7070500E8B5B7 /* Kantumruy */ = {
			isa = PBXGroup;
			children = (
				09FEBC6F28B7070500E8B5B7 /* Kantumruy-Bold.ttf */,
				09FEBC7028B7070500E8B5B7 /* Kantumruy-Light.ttf */,
				09FEBC7128B7070500E8B5B7 /* Kantumruy-Regular.ttf */,
			);
			path = Kantumruy;
			sourceTree = "<group>";
		};
/* End PBXGroup section */

/* Begin PBXNativeTarget section */
		09FEBC4A28B704E400E8B5B7 /* Goglobal School */ = {
			isa = PBXNativeTarget;
			buildConfigurationList = 09FEBC5928B704E500E8B5B7 /* Build configuration list for PBXNativeTarget "Goglobal School" */;
			buildPhases = (
				09FEBC7E28B7080D00E8B5B7 /* Generate Apollo Graphql API */,
				09FEBC4728B704E400E8B5B7 /* Sources */,
				09FEBC4828B704E400E8B5B7 /* Frameworks */,
				09FEBC4928B704E400E8B5B7 /* Resources */,
			);
			buildRules = (
			);
			dependencies = (
			);
			name = "Goglobal School";
			packageProductDependencies = (
				09F5197728D1E79D00C8B1FD /* Alamofire */,
				09F5197A28D1E80200C8B1FD /* Apollo */,
				09F5197C28D1E80200C8B1FD /* ApolloSQLite */,
				09F5197E28D1E80200C8B1FD /* ApolloWebSocket */,
				09F5198428D1E81D00C8B1FD /* KeychainSwift */,
				093E9AFA28FE3F7900449E41 /* ImageViewer */,
				093E9AFC28FE3F7900449E41 /* ImageViewerRemote */,
				7787C2EF2930A330002DA96C /* KeychainAccess */,
				7787C2F22930A394002DA96C /* DomainParser */,
				77E15DDD293DD26D00652690 /* MarqueeText */,
			);
			productName = "Goglobal School";
			productReference = 09FEBC4B28B704E400E8B5B7 /* Goglobal School.app */;
			productType = "com.apple.product-type.application";
		};
/* End PBXNativeTarget section */

/* Begin PBXProject section */
		09FEBC4328B704E400E8B5B7 /* Project object */ = {
			isa = PBXProject;
			attributes = {
				BuildIndependentTargetsInParallel = 1;
				LastSwiftUpdateCheck = 1340;
				LastUpgradeCheck = 1410;
				TargetAttributes = {
					09FEBC4A28B704E400E8B5B7 = {
						CreatedOnToolsVersion = 13.4.1;
					};
				};
			};
			buildConfigurationList = 09FEBC4628B704E400E8B5B7 /* Build configuration list for PBXProject "Goglobal School" */;
			compatibilityVersion = "Xcode 13.0";
			developmentRegion = en;
			hasScannedForEncodings = 0;
			knownRegions = (
				en,
				Base,
				"km-KH",
			);
			mainGroup = 09FEBC4228B704E400E8B5B7;
			packageReferences = (
				09F5197628D1E79D00C8B1FD /* XCRemoteSwiftPackageReference "Alamofire" */,
				09F5197928D1E80200C8B1FD /* XCRemoteSwiftPackageReference "apollo-ios" */,
				09F5198328D1E81D00C8B1FD /* XCRemoteSwiftPackageReference "keychain-swift" */,
				093E9AF928FE3F7900449E41 /* XCRemoteSwiftPackageReference "swiftui-image-viewer" */,
				7787C2EE2930A330002DA96C /* XCRemoteSwiftPackageReference "KeychainAccess" */,
				7787C2F12930A394002DA96C /* XCRemoteSwiftPackageReference "SwiftDomainParser" */,
				77E15DDC293DD26D00652690 /* XCRemoteSwiftPackageReference "MarqueeText" */,
			);
			productRefGroup = 09FEBC4C28B704E400E8B5B7 /* Products */;
			projectDirPath = "";
			projectRoot = "";
			targets = (
				09FEBC4A28B704E400E8B5B7 /* Goglobal School */,
			);
		};
/* End PBXProject section */

/* Begin PBXResourcesBuildPhase section */
		09FEBC4928B704E400E8B5B7 /* Resources */ = {
			isa = PBXResourcesBuildPhase;
			buildActionMask = 2147483647;
			files = (
				77DCF5A1292C5B0B008E1423 /* Localizable.strings in Resources */,
				09FEBC7B28B707CB00E8B5B7 /* login.graphql in Resources */,
				09FEBC7928B707B100E8B5B7 /* query.graphql in Resources */,
				09FEBC7528B7070500E8B5B7 /* Kantumruy-Regular.ttf in Resources */,
				09FEBC7428B7070500E8B5B7 /* Kantumruy-Light.ttf in Resources */,
				097DAEBE2912076500018CD9 /* updateEYSReport.graphql in Resources */,
				091B223128CC379900FE9DBB /* apple-app-site-association in Resources */,
				771D6C4929503D8B00B59485 /* pickup.graphql in Resources */,
				09FEBC7328B7070500E8B5B7 /* Kantumruy-Bold.ttf in Resources */,
				09660B3928FE4BD800CEA9EA /* DeleteNotificationByMobileUserId.graphql in Resources */,
				09F9140628D3271800BF252B /* schema.json in Resources */,
				09FEBC5628B704E500E8B5B7 /* Preview Assets.xcassets in Resources */,
				09903AD428F8FFB4009EA604 /* uploadDeviceToken.graphql in Resources */,
				09D87E3F28FD46A100FB96B1 /* DeviceTokenLogout.graphql in Resources */,
				9A74E00729F761600049C6DD /* leave.graphql in Resources */,
				09FEBC5328B704E500E8B5B7 /* Assets.xcassets in Resources */,
				09FEBC7D28B707D700E8B5B7 /* upload.graphql in Resources */,
				09660B3F28FE579A00CEA9EA /* notification.aiff in Resources */,
				09FEBC7228B7070500E8B5B7 /* Bayon-Regular.ttf in Resources */,
			);
			runOnlyForDeploymentPostprocessing = 0;
		};
/* End PBXResourcesBuildPhase section */

/* Begin PBXShellScriptBuildPhase section */
		09FEBC7E28B7080D00E8B5B7 /* Generate Apollo Graphql API */ = {
			isa = PBXShellScriptBuildPhase;
			alwaysOutOfDate = 1;
			buildActionMask = 12;
			files = (
			);
			inputFileListPaths = (
			);
			inputPaths = (
			);
			name = "Generate Apollo Graphql API";
			outputFileListPaths = (
			);
			outputPaths = (
			);
			runOnlyForDeploymentPostprocessing = 0;
			shellPath = /bin/sh;
			shellScript = "# Type a script or drag a script file from your workspace to insert its path.\n# Don't run this during index builds\nif [ $ACTION = \"indexbuild\" ]; then exit 0; fi\n\n# Go to the build root and search up the chain to find the Derived Data Path where the source packages are checked out.\nDERIVED_DATA_CANDIDATE=\"${BUILD_ROOT}\"\n\nwhile ! [ -d \"${DERIVED_DATA_CANDIDATE}/SourcePackages\" ]; do\n  if [ \"${DERIVED_DATA_CANDIDATE}\" = / ]; then\n    echo >&2 \"error: Unable to locate SourcePackages directory from BUILD_ROOT: '${BUILD_ROOT}'\"\n    exit 1\n  fi\n\n  DERIVED_DATA_CANDIDATE=\"$(dirname \"${DERIVED_DATA_CANDIDATE}\")\"\ndone\n\n# Grab a reference to the directory where scripts are checked out\nSCRIPT_PATH=\"${DERIVED_DATA_CANDIDATE}/SourcePackages/checkouts/apollo-ios/scripts\"\n\nif [ -z \"${SCRIPT_PATH}\" ]; then\n    echo >&2 \"error: Couldn't find the CLI script in your checked out SPM packages; make sure to add the framework to your project.\"\n    exit 1\nfi\n\ncd \"${SRCROOT}/Goglobal School\"\n\"${SCRIPT_PATH}\"/run-bundled-codegen.sh codegen:generate --target=swift --includes=./**/*.graphql --localSchemaFile=\"schema.json\" API.swift\n";
		};
/* End PBXShellScriptBuildPhase section */

/* Begin PBXSourcesBuildPhase section */
		09FEBC4728B704E400E8B5B7 /* Sources */ = {
			isa = PBXSourcesBuildPhase;
			buildActionMask = 2147483647;
			files = (
				09FEBC5128B704E400E8B5B7 /* ContentView.swift in Sources */,
				09FEBCA428B70C3E00E8B5B7 /* Attendant.swift in Sources */,
				09FEBCA828B70C6F00E8B5B7 /* Schedule.swift in Sources */,
				091B223328CC3B9000FE9DBB /* DeepLink.swift in Sources */,
				9A74E00B29F769880049C6DD /* GetShiftByStudentIdViewModel.swift in Sources */,
				0978AA2C28C5CBC400CD9222 /* ScrollRefreshable.swift in Sources */,
				097A13522906869D008B253D /* BabysittingVIewModel.swift in Sources */,
				09FEBCA628B70C5600E8B5B7 /* ImagePicker.swift in Sources */,
				099ECD5F28EC384800D69557 /* InvoiceViewModel.swift in Sources */,
				09FEBCA228B70C0600E8B5B7 /* CustomDatePicker.swift in Sources */,
				09FEBC9628B70B4500E8B5B7 /* Function.swift in Sources */,
				0902C55A28CF174200F2A956 /* ShowAvailableVersion.swift in Sources */,
				09FEBC9028B70A7500E8B5B7 /* UpdateMobileUserProfileImg.swift in Sources */,
				77A5922E294169F80017ABA2 /* GetTotalStudentViewModel.swift in Sources */,
				9ABE0A3D29E3B51000D2881B /* AskPermission.swift in Sources */,
				09FEBCB028B70CD600E8B5B7 /* CalendarViewModel.swift in Sources */,
				09FEBC8A28B70A1E00E8B5B7 /* ListStudentViewModel.swift in Sources */,
				77DCF5A7292C6323008E1423 /* LocalizationService.swift in Sources */,
				09FEBC8828B709FE00E8B5B7 /* ListViewModel.swift in Sources */,
				77AFD38A294812CA00CF2BB5 /* locationManager.swift in Sources */,
				7787C2ED2930A05C002DA96C /* CredentialProviderViewController.swift in Sources */,
				9A74E00D29F76D820049C6DD /* GetStudenAttendancePermissionByIdViewModel.swift in Sources */,
				0902C55828CF0C3500F2A956 /* MonitorNetwork.swift in Sources */,
				09FEBC9828B70B6B00E8B5B7 /* ResponsiveContainer.swift in Sources */,
				09FEBC8428B709A300E8B5B7 /* Network.swift in Sources */,
				0925213328EEB3B900363609 /* ProgrammePayment.swift in Sources */,
				09FEBC9E28B70BCE00E8B5B7 /* RoundedCorners.swift in Sources */,
				09FEBCAC28B70CA600E8B5B7 /* Education.swift in Sources */,
				774A5D6629DEB4C80037FD08 /* AttendanceView.swift in Sources */,
				9A74E00929F761D40049C6DD /* LeaveMutationViewModel.swift in Sources */,
				09FEBC9228B70A8C00E8B5B7 /* MobileUserViewModel.swift in Sources */,
				092824C628DC17BF00320D33 /* EnrollmentViewModel.swift in Sources */,
				0978944D28E7EC2300CB4C05 /* Payment.swift in Sources */,
				09FEBC9A28B70B8500E8B5B7 /* TabView.swift in Sources */,
				09D87E4128FD47F100FB96B1 /* MobileUserLogOutViewModel.swift in Sources */,
				097A1350290684B9008B253D /* Babysitting.swift in Sources */,
				09903AD728F90013009EA604 /* UploadDeviceToken.swift in Sources */,
				9AC6CBAA2A2741080021D5BD /* TransportationView.swift in Sources */,
				09094AC928ED60CB000F2F98 /* FlashScreen.swift in Sources */,
				09178C2D28B9B28500A507EA /* SheetContact.swift in Sources */,
				09FEBC8628B709D600E8B5B7 /* LoginViewModel.swift in Sources */,
				09FEBCAE28B70CBD00E8B5B7 /* Grade.swift in Sources */,
				771D6C4B29503E1A00B59485 /* pickupViewModel.swift in Sources */,
				9A6AB7C929F3D56D007BFD2D /* GetStudentAttendanceByStuIdViewModel.swift in Sources */,
				09660B3B28FE4C0C00CEA9EA /* DeleteNotificationByMobileUserId.swift in Sources */,
				09178C2728B9A43E00A507EA /* Annoucements.swift in Sources */,
				09FEBC9428B70AA600E8B5B7 /* AnnouncementViewModel.swift in Sources */,
				09FEBC4F28B704E400E8B5B7 /* Goglobal_SchoolApp.swift in Sources */,
				9A3B362B29F26E48004DC68A /* ViewPermission.swift in Sources */,
				09FEBC9C28B70BAE00E8B5B7 /* Home.swift in Sources */,
				09FEBCB428B70D0000E8B5B7 /* Choosing.swift in Sources */,
				77752CEE295552810091A4E2 /* FoodHistoryView.swift in Sources */,
				09FEBCAA28B70C9100E8B5B7 /* Dashboard.swift in Sources */,
				09FEBCA028B70BEE00E8B5B7 /* HalfSheetHelper.swift in Sources */,
				097DAEC02912079C00018CD9 /* updateEYSReport.swift in Sources */,
				0949C3112907C5820076F382 /* CalendarWeekListView.swift in Sources */,
				09FEBCB228B70CEC00E8B5B7 /* Profile.swift in Sources */,
				09FEBC8C28B70A4700E8B5B7 /* ListAttendanceViewModel.swift in Sources */,
				775BE506291CE12000A915B3 /* GetStudentCardByStudentIDViewModel.swift in Sources */,
				09A060FD28BA199B00D1D1FA /* API.swift in Sources */,
				09A060FB28BA18A200D1D1FA /* ScheduleViewModel.swift in Sources */,
			);
			runOnlyForDeploymentPostprocessing = 0;
		};
/* End PBXSourcesBuildPhase section */

/* Begin PBXVariantGroup section */
		77DCF5A3292C5B0B008E1423 /* Localizable.strings */ = {
			isa = PBXVariantGroup;
			children = (
				77DCF5A4292C5B3F008E1423 /* km-KH */,
				77DCF5A5292C5DB2008E1423 /* en */,
			);
			name = Localizable.strings;
			sourceTree = "<group>";
		};
/* End PBXVariantGroup section */

/* Begin XCBuildConfiguration section */
		09FEBC5728B704E500E8B5B7 /* Debug */ = {
			isa = XCBuildConfiguration;
			buildSettings = {
				ALWAYS_SEARCH_USER_PATHS = NO;
				CLANG_ANALYZER_LOCALIZABILITY_NONLOCALIZED = YES;
				CLANG_ANALYZER_NONNULL = YES;
				CLANG_ANALYZER_NUMBER_OBJECT_CONVERSION = YES_AGGRESSIVE;
				CLANG_CXX_LANGUAGE_STANDARD = "gnu++17";
				CLANG_ENABLE_MODULES = YES;
				CLANG_ENABLE_OBJC_ARC = YES;
				CLANG_ENABLE_OBJC_WEAK = YES;
				CLANG_WARN_BLOCK_CAPTURE_AUTORELEASING = YES;
				CLANG_WARN_BOOL_CONVERSION = YES;
				CLANG_WARN_COMMA = YES;
				CLANG_WARN_CONSTANT_CONVERSION = YES;
				CLANG_WARN_DEPRECATED_OBJC_IMPLEMENTATIONS = YES;
				CLANG_WARN_DIRECT_OBJC_ISA_USAGE = YES_ERROR;
				CLANG_WARN_DOCUMENTATION_COMMENTS = YES;
				CLANG_WARN_EMPTY_BODY = YES;
				CLANG_WARN_ENUM_CONVERSION = YES;
				CLANG_WARN_INFINITE_RECURSION = YES;
				CLANG_WARN_INT_CONVERSION = YES;
				CLANG_WARN_NON_LITERAL_NULL_CONVERSION = YES;
				CLANG_WARN_OBJC_IMPLICIT_RETAIN_SELF = YES;
				CLANG_WARN_OBJC_LITERAL_CONVERSION = YES;
				CLANG_WARN_OBJC_ROOT_CLASS = YES_ERROR;
				CLANG_WARN_QUOTED_INCLUDE_IN_FRAMEWORK_HEADER = YES;
				CLANG_WARN_RANGE_LOOP_ANALYSIS = YES;
				CLANG_WARN_STRICT_PROTOTYPES = YES;
				CLANG_WARN_SUSPICIOUS_MOVE = YES;
				CLANG_WARN_UNGUARDED_AVAILABILITY = YES_AGGRESSIVE;
				CLANG_WARN_UNREACHABLE_CODE = YES;
				CLANG_WARN__DUPLICATE_METHOD_MATCH = YES;
				COPY_PHASE_STRIP = NO;
				DEBUG_INFORMATION_FORMAT = dwarf;
				ENABLE_STRICT_OBJC_MSGSEND = YES;
				ENABLE_TESTABILITY = YES;
				GCC_C_LANGUAGE_STANDARD = gnu11;
				GCC_DYNAMIC_NO_PIC = NO;
				GCC_NO_COMMON_BLOCKS = YES;
				GCC_OPTIMIZATION_LEVEL = 0;
				GCC_PREPROCESSOR_DEFINITIONS = (
					"DEBUG=1",
					"$(inherited)",
				);
				GCC_WARN_64_TO_32_BIT_CONVERSION = YES;
				GCC_WARN_ABOUT_RETURN_TYPE = YES_ERROR;
				GCC_WARN_UNDECLARED_SELECTOR = YES;
				GCC_WARN_UNINITIALIZED_AUTOS = YES_AGGRESSIVE;
				GCC_WARN_UNUSED_FUNCTION = YES;
				GCC_WARN_UNUSED_VARIABLE = YES;
				INFOPLIST_KEY_UISupportedInterfaceOrientations_iPhone = "";
				IPHONEOS_DEPLOYMENT_TARGET = 15.0;
				MTL_ENABLE_DEBUG_INFO = INCLUDE_SOURCE;
				MTL_FAST_MATH = YES;
				ONLY_ACTIVE_ARCH = YES;
				SDKROOT = iphoneos;
				SWIFT_ACTIVE_COMPILATION_CONDITIONS = DEBUG;
				SWIFT_OPTIMIZATION_LEVEL = "-Onone";
			};
			name = Debug;
		};
		09FEBC5828B704E500E8B5B7 /* Release */ = {
			isa = XCBuildConfiguration;
			buildSettings = {
				ALWAYS_SEARCH_USER_PATHS = NO;
				CLANG_ANALYZER_LOCALIZABILITY_NONLOCALIZED = YES;
				CLANG_ANALYZER_NONNULL = YES;
				CLANG_ANALYZER_NUMBER_OBJECT_CONVERSION = YES_AGGRESSIVE;
				CLANG_CXX_LANGUAGE_STANDARD = "gnu++17";
				CLANG_ENABLE_MODULES = YES;
				CLANG_ENABLE_OBJC_ARC = YES;
				CLANG_ENABLE_OBJC_WEAK = YES;
				CLANG_WARN_BLOCK_CAPTURE_AUTORELEASING = YES;
				CLANG_WARN_BOOL_CONVERSION = YES;
				CLANG_WARN_COMMA = YES;
				CLANG_WARN_CONSTANT_CONVERSION = YES;
				CLANG_WARN_DEPRECATED_OBJC_IMPLEMENTATIONS = YES;
				CLANG_WARN_DIRECT_OBJC_ISA_USAGE = YES_ERROR;
				CLANG_WARN_DOCUMENTATION_COMMENTS = YES;
				CLANG_WARN_EMPTY_BODY = YES;
				CLANG_WARN_ENUM_CONVERSION = YES;
				CLANG_WARN_INFINITE_RECURSION = YES;
				CLANG_WARN_INT_CONVERSION = YES;
				CLANG_WARN_NON_LITERAL_NULL_CONVERSION = YES;
				CLANG_WARN_OBJC_IMPLICIT_RETAIN_SELF = YES;
				CLANG_WARN_OBJC_LITERAL_CONVERSION = YES;
				CLANG_WARN_OBJC_ROOT_CLASS = YES_ERROR;
				CLANG_WARN_QUOTED_INCLUDE_IN_FRAMEWORK_HEADER = YES;
				CLANG_WARN_RANGE_LOOP_ANALYSIS = YES;
				CLANG_WARN_STRICT_PROTOTYPES = YES;
				CLANG_WARN_SUSPICIOUS_MOVE = YES;
				CLANG_WARN_UNGUARDED_AVAILABILITY = YES_AGGRESSIVE;
				CLANG_WARN_UNREACHABLE_CODE = YES;
				CLANG_WARN__DUPLICATE_METHOD_MATCH = YES;
				COPY_PHASE_STRIP = NO;
				DEBUG_INFORMATION_FORMAT = "dwarf-with-dsym";
				ENABLE_NS_ASSERTIONS = NO;
				ENABLE_STRICT_OBJC_MSGSEND = YES;
				GCC_C_LANGUAGE_STANDARD = gnu11;
				GCC_NO_COMMON_BLOCKS = YES;
				GCC_WARN_64_TO_32_BIT_CONVERSION = YES;
				GCC_WARN_ABOUT_RETURN_TYPE = YES_ERROR;
				GCC_WARN_UNDECLARED_SELECTOR = YES;
				GCC_WARN_UNINITIALIZED_AUTOS = YES_AGGRESSIVE;
				GCC_WARN_UNUSED_FUNCTION = YES;
				GCC_WARN_UNUSED_VARIABLE = YES;
				INFOPLIST_KEY_UISupportedInterfaceOrientations_iPhone = "";
				IPHONEOS_DEPLOYMENT_TARGET = 15.0;
				MTL_ENABLE_DEBUG_INFO = NO;
				MTL_FAST_MATH = YES;
				SDKROOT = iphoneos;
				SWIFT_COMPILATION_MODE = wholemodule;
				SWIFT_OPTIMIZATION_LEVEL = "-O";
				VALIDATE_PRODUCT = YES;
			};
			name = Release;
		};
		09FEBC5A28B704E500E8B5B7 /* Debug */ = {
			isa = XCBuildConfiguration;
			buildSettings = {
				ASSETCATALOG_COMPILER_APPICON_NAME = AppIcon;
				ASSETCATALOG_COMPILER_GLOBAL_ACCENT_COLOR_NAME = AccentColor;
				CODE_SIGN_ENTITLEMENTS = "Goglobal School/Goglobal School.entitlements";
				CODE_SIGN_IDENTITY = "Apple Development";
				CODE_SIGN_STYLE = Automatic;
				CURRENT_PROJECT_VERSION = 18;
				DEVELOPMENT_ASSET_PATHS = "\"Goglobal School/Preview Content\"";
				DEVELOPMENT_TEAM = HZ73GSKF9X;
				ENABLE_PREVIEWS = YES;
				GENERATE_INFOPLIST_FILE = YES;
				INFOPLIST_FILE = "Goglobal-School-Info.plist";
				INFOPLIST_KEY_CFBundleDisplayName = "Go Global School";
				INFOPLIST_KEY_NSCalendarsUsageDescription = "";
				INFOPLIST_KEY_NSFaceIDUsageDescription = "សូមធ្វើការយល់ព្រមការ Scan";
				INFOPLIST_KEY_UIApplicationSceneManifest_Generation = YES;
				INFOPLIST_KEY_UIApplicationSupportsIndirectInputEvents = YES;
				INFOPLIST_KEY_UILaunchScreen_Generation = YES;
				INFOPLIST_KEY_UIRequiresFullScreen = YES;
				INFOPLIST_KEY_UISupportedInterfaceOrientations = "UIInterfaceOrientationPortraitUpsideDown UIInterfaceOrientationPortrait UIInterfaceOrientationLandscapeLeft UIInterfaceOrientationLandscapeRight";
				INFOPLIST_KEY_UISupportedInterfaceOrientations_iPad = "UIInterfaceOrientationPortrait UIInterfaceOrientationPortraitUpsideDown UIInterfaceOrientationLandscapeRight UIInterfaceOrientationLandscapeLeft";
				INFOPLIST_KEY_UISupportedInterfaceOrientations_iPhone = "UIInterfaceOrientationPortrait UIInterfaceOrientationPortraitUpsideDown UIInterfaceOrientationLandscapeRight UIInterfaceOrientationLandscapeLeft";
				INFOPLIST_KEY_UISupportsDocumentBrowser = YES;
				IPHONEOS_DEPLOYMENT_TARGET = 15.0;
				LD_RUNPATH_SEARCH_PATHS = (
					"$(inherited)",
					"@executable_path/Frameworks",
				);
				MARKETING_VERSION = 1.1.7;
				PRODUCT_BUNDLE_IDENTIFIER = "Second-dayofSwift-Testing";
				PRODUCT_NAME = "$(TARGET_NAME)";
				PROVISIONING_PROFILE_SPECIFIER = "";
				SWIFT_EMIT_LOC_STRINGS = YES;
				SWIFT_VERSION = 5.0;
				TARGETED_DEVICE_FAMILY = "1,2";
			};
			name = Debug;
		};
		09FEBC5B28B704E500E8B5B7 /* Release */ = {
			isa = XCBuildConfiguration;
			buildSettings = {
				ASSETCATALOG_COMPILER_APPICON_NAME = AppIcon;
				ASSETCATALOG_COMPILER_GLOBAL_ACCENT_COLOR_NAME = AccentColor;
				CODE_SIGN_ENTITLEMENTS = "Goglobal School/Goglobal School.entitlements";
				CODE_SIGN_IDENTITY = "Apple Development";
				CODE_SIGN_STYLE = Automatic;
				CURRENT_PROJECT_VERSION = 18;
				DEVELOPMENT_ASSET_PATHS = "\"Goglobal School/Preview Content\"";
				DEVELOPMENT_TEAM = HZ73GSKF9X;
				ENABLE_PREVIEWS = YES;
				GENERATE_INFOPLIST_FILE = YES;
				INFOPLIST_FILE = "Goglobal-School-Info.plist";
				INFOPLIST_KEY_CFBundleDisplayName = "Go Global School";
				INFOPLIST_KEY_NSCalendarsUsageDescription = "";
				INFOPLIST_KEY_NSFaceIDUsageDescription = "សូមធ្វើការយល់ព្រមការ Scan";
				INFOPLIST_KEY_UIApplicationSceneManifest_Generation = YES;
				INFOPLIST_KEY_UIApplicationSupportsIndirectInputEvents = YES;
				INFOPLIST_KEY_UILaunchScreen_Generation = YES;
				INFOPLIST_KEY_UIRequiresFullScreen = YES;
				INFOPLIST_KEY_UISupportedInterfaceOrientations = "UIInterfaceOrientationPortraitUpsideDown UIInterfaceOrientationPortrait UIInterfaceOrientationLandscapeLeft UIInterfaceOrientationLandscapeRight";
				INFOPLIST_KEY_UISupportedInterfaceOrientations_iPad = "UIInterfaceOrientationPortrait UIInterfaceOrientationPortraitUpsideDown UIInterfaceOrientationLandscapeRight UIInterfaceOrientationLandscapeLeft";
				INFOPLIST_KEY_UISupportedInterfaceOrientations_iPhone = "UIInterfaceOrientationPortrait UIInterfaceOrientationPortraitUpsideDown UIInterfaceOrientationLandscapeRight UIInterfaceOrientationLandscapeLeft";
				INFOPLIST_KEY_UISupportsDocumentBrowser = YES;
				IPHONEOS_DEPLOYMENT_TARGET = 15.0;
				LD_RUNPATH_SEARCH_PATHS = (
					"$(inherited)",
					"@executable_path/Frameworks",
				);
				MARKETING_VERSION = 1.1.7;
				PRODUCT_BUNDLE_IDENTIFIER = "Second-dayofSwift-Testing";
				PRODUCT_NAME = "$(TARGET_NAME)";
				PROVISIONING_PROFILE_SPECIFIER = "";
				SWIFT_EMIT_LOC_STRINGS = YES;
				SWIFT_VERSION = 5.0;
				TARGETED_DEVICE_FAMILY = "1,2";
			};
			name = Release;
		};
/* End XCBuildConfiguration section */

/* Begin XCConfigurationList section */
		09FEBC4628B704E400E8B5B7 /* Build configuration list for PBXProject "Goglobal School" */ = {
			isa = XCConfigurationList;
			buildConfigurations = (
				09FEBC5728B704E500E8B5B7 /* Debug */,
				09FEBC5828B704E500E8B5B7 /* Release */,
			);
			defaultConfigurationIsVisible = 0;
			defaultConfigurationName = Release;
		};
		09FEBC5928B704E500E8B5B7 /* Build configuration list for PBXNativeTarget "Goglobal School" */ = {
			isa = XCConfigurationList;
			buildConfigurations = (
				09FEBC5A28B704E500E8B5B7 /* Debug */,
				09FEBC5B28B704E500E8B5B7 /* Release */,
			);
			defaultConfigurationIsVisible = 0;
			defaultConfigurationName = Release;
		};
/* End XCConfigurationList section */

/* Begin XCRemoteSwiftPackageReference section */
		093E9AF928FE3F7900449E41 /* XCRemoteSwiftPackageReference "swiftui-image-viewer" */ = {
			isa = XCRemoteSwiftPackageReference;
			repositoryURL = "https://github.com/Jake-Short/swiftui-image-viewer.git";
			requirement = {
				branch = master;
				kind = branch;
			};
		};
		09F5197628D1E79D00C8B1FD /* XCRemoteSwiftPackageReference "Alamofire" */ = {
			isa = XCRemoteSwiftPackageReference;
			repositoryURL = "https://github.com/Alamofire/Alamofire.git";
			requirement = {
				branch = master;
				kind = branch;
			};
		};
		09F5197928D1E80200C8B1FD /* XCRemoteSwiftPackageReference "apollo-ios" */ = {
			isa = XCRemoteSwiftPackageReference;
			repositoryURL = "https://github.com/apollographql/apollo-ios.git";
			requirement = {
				kind = upToNextMajorVersion;
				minimumVersion = 0.9.5;
			};
		};
		09F5198328D1E81D00C8B1FD /* XCRemoteSwiftPackageReference "keychain-swift" */ = {
			isa = XCRemoteSwiftPackageReference;
			repositoryURL = "https://github.com/evgenyneu/keychain-swift.git";
			requirement = {
				branch = master;
				kind = branch;
			};
		};
		7787C2EE2930A330002DA96C /* XCRemoteSwiftPackageReference "KeychainAccess" */ = {
			isa = XCRemoteSwiftPackageReference;
			repositoryURL = "https://github.com/kishikawakatsumi/KeychainAccess.git";
			requirement = {
				branch = master;
				kind = branch;
			};
		};
		7787C2F12930A394002DA96C /* XCRemoteSwiftPackageReference "SwiftDomainParser" */ = {
			isa = XCRemoteSwiftPackageReference;
			repositoryURL = "https://github.com/Dashlane/SwiftDomainParser.git";
			requirement = {
				kind = upToNextMajorVersion;
				minimumVersion = 1.0.0;
			};
		};
		77E15DDC293DD26D00652690 /* XCRemoteSwiftPackageReference "MarqueeText" */ = {
			isa = XCRemoteSwiftPackageReference;
			repositoryURL = "https://github.com/joekndy/MarqueeText.git";
			requirement = {
				branch = master;
				kind = branch;
			};
		};
/* End XCRemoteSwiftPackageReference section */

/* Begin XCSwiftPackageProductDependency section */
		093E9AFA28FE3F7900449E41 /* ImageViewer */ = {
			isa = XCSwiftPackageProductDependency;
			package = 093E9AF928FE3F7900449E41 /* XCRemoteSwiftPackageReference "swiftui-image-viewer" */;
			productName = ImageViewer;
		};
		093E9AFC28FE3F7900449E41 /* ImageViewerRemote */ = {
			isa = XCSwiftPackageProductDependency;
			package = 093E9AF928FE3F7900449E41 /* XCRemoteSwiftPackageReference "swiftui-image-viewer" */;
			productName = ImageViewerRemote;
		};
		09F5197728D1E79D00C8B1FD /* Alamofire */ = {
			isa = XCSwiftPackageProductDependency;
			package = 09F5197628D1E79D00C8B1FD /* XCRemoteSwiftPackageReference "Alamofire" */;
			productName = Alamofire;
		};
		09F5197A28D1E80200C8B1FD /* Apollo */ = {
			isa = XCSwiftPackageProductDependency;
			package = 09F5197928D1E80200C8B1FD /* XCRemoteSwiftPackageReference "apollo-ios" */;
			productName = Apollo;
		};
		09F5197C28D1E80200C8B1FD /* ApolloSQLite */ = {
			isa = XCSwiftPackageProductDependency;
			package = 09F5197928D1E80200C8B1FD /* XCRemoteSwiftPackageReference "apollo-ios" */;
			productName = ApolloSQLite;
		};
		09F5197E28D1E80200C8B1FD /* ApolloWebSocket */ = {
			isa = XCSwiftPackageProductDependency;
			package = 09F5197928D1E80200C8B1FD /* XCRemoteSwiftPackageReference "apollo-ios" */;
			productName = ApolloWebSocket;
		};
		09F5198428D1E81D00C8B1FD /* KeychainSwift */ = {
			isa = XCSwiftPackageProductDependency;
			package = 09F5198328D1E81D00C8B1FD /* XCRemoteSwiftPackageReference "keychain-swift" */;
			productName = KeychainSwift;
		};
		7787C2EF2930A330002DA96C /* KeychainAccess */ = {
			isa = XCSwiftPackageProductDependency;
			package = 7787C2EE2930A330002DA96C /* XCRemoteSwiftPackageReference "KeychainAccess" */;
			productName = KeychainAccess;
		};
		7787C2F22930A394002DA96C /* DomainParser */ = {
			isa = XCSwiftPackageProductDependency;
			package = 7787C2F12930A394002DA96C /* XCRemoteSwiftPackageReference "SwiftDomainParser" */;
			productName = DomainParser;
		};
		77E15DDD293DD26D00652690 /* MarqueeText */ = {
			isa = XCSwiftPackageProductDependency;
			package = 77E15DDC293DD26D00652690 /* XCRemoteSwiftPackageReference "MarqueeText" */;
			productName = MarqueeText;
		};
/* End XCSwiftPackageProductDependency section */
	};
	rootObject = 09FEBC4328B704E400E8B5B7 /* Project object */;
}
